
Microsoft Visual Studio Solution File, Format Version 12.00
# Visual Studio 14
VisualStudioVersion = 14.0.23107.0
MinimumVisualStudioVersion = 10.0.40219.1
Project("{FAE04EC0-301F-11D3-BF4B-00C04F79EFBC}") = "SportsStore.Domain", "SportsStore.Domain\SportsStore.Domain.csproj", "{1B49272E-E82A-4238-B3F9-A01EBF56530E}"
EndProject
Project("{FAE04EC0-301F-11D3-BF4B-00C04F79EFBC}") = "SportsStore.WebUI", "SportsStore.WebUI\SportsStore.WebUI.csproj", "{82D4A910-FB79-4C08-9896-72E72D3AC86F}"
	ProjectSection(ProjectDependencies) = postProject
		{1B49272E-E82A-4238-B3F9-A01EBF56530E} = {1B49272E-E82A-4238-B3F9-A01EBF56530E}
	EndProjectSection
EndProject
Global
	GlobalSection(SolutionConfigurationPlatforms) = preSolution
		Debug|Any CPU = Debug|Any CPU
		Release|Any CPU = Release|Any CPU
	EndGlobalSection
	GlobalSection(ProjectConfigurationPlatforms) = postSolution
		{1B49272E-E82A-4238-B3F9-A01EBF56530E}.Debug|Any CPU.ActiveCfg = Debug|Any CPU
		{1B49272E-E82A-4238-B3F9-A01EBF56530E}.Debug|Any CPU.Build.0 = Debug|Any CPU
		{1B49272E-E82A-4238-B3F9-A01EBF56530E}.Release|Any CPU.ActiveCfg = Release|Any CPU
		{1B49272E-E82A-4238-B3F9-A01EBF56530E}.Release|Any CPU.Build.0 = Release|Any CPU
		{82D4A910-FB79-4C08-9896-72E72D3AC86F}.Debug|Any CPU.ActiveCfg = Debug|Any CPU
		{82D4A910-FB79-4C08-9896-72E72D3AC86F}.Debug|Any CPU.Build.0 = Debug|Any CPU
		{82D4A910-FB79-4C08-9896-72E72D3AC86F}.Release|Any CPU.ActiveCfg = Release|Any CPU
		{82D4A910-FB79-4C08-9896-72E72D3AC86F}.Release|Any CPU.Build.0 = Release|Any CPU
	EndGlobalSection
	GlobalSection(SolutionProperties) = preSolution
		HideSolutionNode = FALSE
	EndGlobalSection
EndGlobal
